github.com/evanw/esbuild v0.28.1 h1:ds+yuRyUaZGx++GR56CrCeuXh8PVhVM4xq8v7PNELFc=
github.com/evanw/esbuild v0.28.1/go.mod h1:D2vIQZqV/vIf/VRHtViaUtViZmG7o+kKmlBfVQuRi48=
github.com/n0remac/GoDom v0.0.0-20260221051826-5cfc25919c35 h1:QU4p0Vxc1EqCjgIT9yPMXc/isetOvefQZ891g1D/Am4=
github.com/n0remac/GoDom v0.0.0-20260221051826-5cfc25919c35/go.mod h1:x1PaMEC5UTKAfOWx4lnEiqS67zEb2FriFdSBflSj7hI=
golang.org/x/sys v0.0.0-20220715151400-c0bba94af5f8/go.mod h1:oPkhp1MJrh7nUepCBck5+mAzfO9JrbApNNgaTdGDITg=
golang.org/x/sys v0.42.0 h1:omrd2nAlyT5ESRdCLYdm3+fMfNFE/+Rf4bDIQImRJeo=
golang.org/x/sys v0.42.0/go.mod h1:4GL1E5IUh+htKOUEOaiffhrAeqysfVGipDYzABqnCmw=
